
Microsoft Visual Studio Solution File, Format Version 12.00
# Visual Studio Version 16
VisualStudioVersion = 16.0.29519.181
MinimumVisualStudioVersion = 10.0.40219.1
Project("{FAE04EC0-301F-11D3-BF4B-00C04F79EFBC}") = "work", "work\work.csproj", "{3DFC5790-CB9D-4749-A858-D3A34828FBFF}"
EndProject
Global
	GlobalSection(SolutionConfigurationPlatforms) = preSolution
		Debug|Any CPU = Debug|Any CPU
		Release|Any CPU = Release|Any CPU
	EndGlobalSection
	GlobalSection(ProjectConfigurationPlatforms) = postSolution
		{3DFC5790-CB9D-4749-A858-D3A34828FBFF}.Debug|Any CPU.ActiveCfg = Debug|Any CPU
		{3DFC5790-CB9D-4749-A858-D3A34828FBFF}.Debug|Any CPU.Build.0 = Debug|Any CPU
		{3DFC5790-CB9D-4749-A858-D3A34828FBFF}.Release|Any CPU.ActiveCfg = Release|Any CPU
		{3DFC5790-CB9D-4749-A858-D3A34828FBFF}.Release|Any CPU.Build.0 = Release|Any CPU
	EndGlobalSection
	GlobalSection(SolutionProperties) = preSolution
		HideSolutionNode = FALSE
	EndGlobalSection
	GlobalSection(ExtensibilityGlobals) = postSolution
		SolutionGuid = {8BD79B95-DDA3-4FD9-BA5D-293FDAA57646}
	EndGlobalSection
EndGlobal
